
Microsoft Visual Studio Solution File, Format Version 12.00
# Visual Studio Version 17
VisualStudioVersion = 17.12.35527.113
MinimumVisualStudioVersion = 10.0.40219.1
Project("{FAE04EC0-301F-11D3-BF4B-00C04F79EFBC}") = "WPFStartTutorial", "WPFStartTutorial\WPFStartTutorial.csproj", "{99944E9F-A827-48A6-BE30-74D6391F53F1}"
EndProject
Project("{FAE04EC0-301F-11D3-BF4B-00C04F79EFBC}") = "WPF_MVVM_SingletonSean", "WPF_MVVM_SingletonSean\WPF_MVVM_SingletonSean.csproj", "{D23716D0-6C5C-45BA-A0CC-C848DA3D0797}"
EndProject
Global
	GlobalSection(SolutionConfigurationPlatforms) = preSolution
		Debug|Any CPU = Debug|Any CPU
		Release|Any CPU = Release|Any CPU
	EndGlobalSection
	GlobalSection(ProjectConfigurationPlatforms) = postSolution
		{99944E9F-A827-48A6-BE30-74D6391F53F1}.Debug|Any CPU.ActiveCfg = Debug|Any CPU
		{99944E9F-A827-48A6-BE30-74D6391F53F1}.Debug|Any CPU.Build.0 = Debug|Any CPU
		{99944E9F-A827-48A6-BE30-74D6391F53F1}.Release|Any CPU.ActiveCfg = Release|Any CPU
		{99944E9F-A827-48A6-BE30-74D6391F53F1}.Release|Any CPU.Build.0 = Release|Any CPU
		{D23716D0-6C5C-45BA-A0CC-C848DA3D0797}.Debug|Any CPU.ActiveCfg = Debug|Any CPU
		{D23716D0-6C5C-45BA-A0CC-C848DA3D0797}.Debug|Any CPU.Build.0 = Debug|Any CPU
		{D23716D0-6C5C-45BA-A0CC-C848DA3D0797}.Release|Any CPU.ActiveCfg = Release|Any CPU
		{D23716D0-6C5C-45BA-A0CC-C848DA3D0797}.Release|Any CPU.Build.0 = Release|Any CPU
	EndGlobalSection
	GlobalSection(SolutionProperties) = preSolution
		HideSolutionNode = FALSE
	EndGlobalSection
	GlobalSection(ExtensibilityGlobals) = postSolution
		SolutionGuid = {B768FE29-4017-48F3-AD49-E367EE8385E8}
	EndGlobalSection
EndGlobal
